
Microsoft Visual Studio Solution File, Format Version 12.00
# Visual Studio Version 17
VisualStudioVersion = 17.10.35027.167
MinimumVisualStudioVersion = 10.0.40219.1
Project("{9A19103F-16F7-4668-BE54-9A1E7A4F7556}") = "AwesomeBooks", "AwesomeBooks\AwesomeBooks.csproj", "{C933B31B-DD1C-433D-80F3-B2CFC03A889A}"
EndProject
Project("{9A19103F-16F7-4668-BE54-9A1E7A4F7556}") = "TestProject1", "TestProject1\TestProject1.csproj", "{A4354D1C-058C-4A76-9CBA-E9F2D84D6216}"
EndProject
Project("{FAE04EC0-301F-11D3-BF4B-00C04F79EFBC}") = "AwesomeBooksApi", "AwesomeBooksApi\AwesomeBooksApi.csproj", "{674E4319-BEE6-4723-B819-9B57D41A96BC}"
EndProject
Project("{FAE04EC0-301F-11D3-BF4B-00C04F79EFBC}") = "AwesomeBooksApiTests", "AwesomeBooksApiTests\AwesomeBooksApiTests.csproj", "{52122494-44CF-4FB2-8391-5DFDB54BF9F9}"
EndProject
Global
	GlobalSection(SolutionConfigurationPlatforms) = preSolution
		Debug|Any CPU = Debug|Any CPU
		Release|Any CPU = Release|Any CPU
	EndGlobalSection
	GlobalSection(ProjectConfigurationPlatforms) = postSolution
		{C933B31B-DD1C-433D-80F3-B2CFC03A889A}.Debug|Any CPU.ActiveCfg = Debug|Any CPU
		{C933B31B-DD1C-433D-80F3-B2CFC03A889A}.Debug|Any CPU.Build.0 = Debug|Any CPU
		{C933B31B-DD1C-433D-80F3-B2CFC03A889A}.Release|Any CPU.ActiveCfg = Release|Any CPU
		{C933B31B-DD1C-433D-80F3-B2CFC03A889A}.Release|Any CPU.Build.0 = Release|Any CPU
		{A4354D1C-058C-4A76-9CBA-E9F2D84D6216}.Debug|Any CPU.ActiveCfg = Debug|Any CPU
		{A4354D1C-058C-4A76-9CBA-E9F2D84D6216}.Debug|Any CPU.Build.0 = Debug|Any CPU
		{A4354D1C-058C-4A76-9CBA-E9F2D84D6216}.Release|Any CPU.ActiveCfg = Release|Any CPU
		{A4354D1C-058C-4A76-9CBA-E9F2D84D6216}.Release|Any CPU.Build.0 = Release|Any CPU
		{674E4319-BEE6-4723-B819-9B57D41A96BC}.Debug|Any CPU.ActiveCfg = Debug|Any CPU
		{674E4319-BEE6-4723-B819-9B57D41A96BC}.Debug|Any CPU.Build.0 = Debug|Any CPU
		{674E4319-BEE6-4723-B819-9B57D41A96BC}.Release|Any CPU.ActiveCfg = Release|Any CPU
		{674E4319-BEE6-4723-B819-9B57D41A96BC}.Release|Any CPU.Build.0 = Release|Any CPU
		{52122494-44CF-4FB2-8391-5DFDB54BF9F9}.Debug|Any CPU.ActiveCfg = Debug|Any CPU
		{52122494-44CF-4FB2-8391-5DFDB54BF9F9}.Debug|Any CPU.Build.0 = Debug|Any CPU
		{52122494-44CF-4FB2-8391-5DFDB54BF9F9}.Release|Any CPU.ActiveCfg = Release|Any CPU
		{52122494-44CF-4FB2-8391-5DFDB54BF9F9}.Release|Any CPU.Build.0 = Release|Any CPU
	EndGlobalSection
	GlobalSection(SolutionProperties) = preSolution
		HideSolutionNode = FALSE
	EndGlobalSection
	GlobalSection(ExtensibilityGlobals) = postSolution
		SolutionGuid = {B738E7C2-4DCD-409F-9B6F-ADDF5BABF67C}
	EndGlobalSection
EndGlobal
